{
  "name": "frontend",
  "lockfileVersion": 3,
  "requires": true,
  "packages": {
    "": {
      "dependencies": {
        "webix": "^11.1.0"
      }
    },
    "node_modules/webix": {
      "version": "11.1.0",
      "resolved": "https://registry.npmjs.org/webix/-/webix-11.1.0.tgz",
      "integrity": "sha512-590JRs+OtOpwvEDhof/fMOvOxkFbIwB1s/sV4y6g0SfzEFYkHm2NyIcVywb0r2LdnbODwG862WHQKY2pVDXk6g=="
    }
  }
}
